version = 1
revision = 3
requires-python = ">=3.10"

[[package]]
name = "cvfile-cv-detector"
version = "0.1.0"
source = { editable = "." }
dependencies = [
    { name = "pypdf" },
]

[package.metadata]
requires-dist = [{ name = "pypdf", specifier = ">=4,<6" }]

[[package]]
name = "pypdf"
version = "5.9.0"
source = { registry = "https://pypi.org/simple" }
dependencies = [
    { name = "typing-extensions", marker = "python_full_version < '3.11'" },
]
sdist = { url = "https://files.pythonhosted.org/packages/89/3a/584b97a228950ed85aec97c811c68473d9b8d149e6a8c155668287cf1a28/pypdf-5.9.0.tar.gz", hash = "sha256:30f67a614d558e495e1fbb157ba58c1de91ffc1718f5e0dfeb82a029233890a1", size = 5035118, upload-time = "2025-07-27T14:04:52.364Z" }
wheels = [
    { url = "https://files.pythonhosted.org/packages/48/d9/6cff57c80a6963e7dd183bf09e9f21604a77716644b1e580e97b259f7612/pypdf-5.9.0-py3-none-any.whl", hash = "sha256:be10a4c54202f46d9daceaa8788be07aa8cd5ea8c25c529c50dd509206382c35", size = 313193, upload-time = "2025-07-27T14:04:50.53Z" },
]

[[package]]
name = "typing-extensions"
version = "4.15.0"
source = { registry = "https://pypi.org/simple" }
sdist = { url = "https://files.pythonhosted.org/packages/72/94/1a15dd82efb362ac84269196e94cf00f187f7ed21c242792a923cdb1c61f/typing_extensions-4.15.0.tar.gz", hash = "sha256:0cea48d173cc12fa28ecabc3b837ea3cf6f38c6d1136f85cbaaf598984861466", size = 109391, upload-time = "2025-08-25T13:49:26.313Z" }
wheels = [
    { url = "https://files.pythonhosted.org/packages/18/67/36e9267722cc04a6b9f15c7f3441c2363321a3ea07da7ae0c0707beb2a9c/typing_extensions-4.15.0-py3-none-any.whl", hash = "sha256:f0fa19c6845758ab08074a0cfa8b7aecb71c999ca73d62883bc25cc018c4e548", size = 44614, upload-time = "2025-08-25T13:49:24.86Z" },
]
